{
  "name": "@dicebear/definitions",
  "version": "0.0.0",
  "lockfileVersion": 3,
  "requires": true,
  "packages": {
    "": {
      "name": "@dicebear/definitions",
      "version": "0.0.0",
      "devDependencies": {
        "@dicebear/schema": "^0.1.3"
      }
    },
    "node_modules/@dicebear/schema": {
      "version": "0.1.3",
      "resolved": "https://registry.npmjs.org/@dicebear/schema/-/schema-0.1.3.tgz",
      "integrity": "sha512-6JLAJbDI9phRvgr4H0JwEvQGlDm0ANLsrBAqFakpq3tySV4U3keGdhwsQivT5Is08AGzZAmSBRUfg+xe47Uesg==",
      "dev": true,
      "license": "MIT"
    }
  }
}
