{
  "name": "@dicebear/styles",
  "version": "10.0.0-rc.10",
  "lockfileVersion": 3,
  "requires": true,
  "packages": {
    "": {
      "name": "@dicebear/styles",
      "version": "10.0.0-rc.10",
      "devDependencies": {
        "@dicebear/schema": "^0.16.0"
      }
    },
    "node_modules/@dicebear/schema": {
      "version": "0.16.0",
      "resolved": "https://registry.npmjs.org/@dicebear/schema/-/schema-0.16.0.tgz",
      "integrity": "sha512-mreCbEqfz/qnsFJ/15k1Zs83nAMlNQi4smwUtxvMgiQE9xKFY3U+qbpJzYSt8L0MYvlxMFufCbhE7RPfyqa5jA==",
      "dev": true,
      "license": "MIT"
    }
  }
}
